
Microsoft Visual Studio Solution File, Format Version 12.00
# Visual Studio Version 17
VisualStudioVersion = 17.10.35027.167
MinimumVisualStudioVersion = 10.0.40219.1
Project("{FAE04EC0-301F-11D3-BF4B-00C04F79EFBC}") = "E-commerce_App_API", "E-commerce_App_API\E-commerce_App_API.csproj", "{A6078228-58EC-4C10-BEDD-9132EA2F421B}"
EndProject
Global
	GlobalSection(SolutionConfigurationPlatforms) = preSolution
		Debug|Any CPU = Debug|Any CPU
		Release|Any CPU = Release|Any CPU
	EndGlobalSection
	GlobalSection(ProjectConfigurationPlatforms) = postSolution
		{A6078228-58EC-4C10-BEDD-9132EA2F421B}.Debug|Any CPU.ActiveCfg = Debug|Any CPU
		{A6078228-58EC-4C10-BEDD-9132EA2F421B}.Debug|Any CPU.Build.0 = Debug|Any CPU
		{A6078228-58EC-4C10-BEDD-9132EA2F421B}.Release|Any CPU.ActiveCfg = Release|Any CPU
		{A6078228-58EC-4C10-BEDD-9132EA2F421B}.Release|Any CPU.Build.0 = Release|Any CPU
	EndGlobalSection
	GlobalSection(SolutionProperties) = preSolution
		HideSolutionNode = FALSE
	EndGlobalSection
	GlobalSection(ExtensibilityGlobals) = postSolution
		SolutionGuid = {8CB7B9D2-2541-4246-912F-FFCC11D8D02A}
	EndGlobalSection
EndGlobal
